
Microsoft Visual Studio Solution File, Format Version 12.00
# Visual Studio Version 16
VisualStudioVersion = 16.0.30225.117
MinimumVisualStudioVersion = 10.0.40219.1
Project("{9A19103F-16F7-4668-BE54-9A1E7A4F7556}") = "SmartAthleticsWPF", "SmartAthleticsWPF\SmartAthleticsWPF.csproj", "{1F85CF20-C8D4-43A9-9D5B-5C678F7FFFF4}"
EndProject
Global
	GlobalSection(SolutionConfigurationPlatforms) = preSolution
		Debug|Any CPU = Debug|Any CPU
		Release|Any CPU = Release|Any CPU
	EndGlobalSection
	GlobalSection(ProjectConfigurationPlatforms) = postSolution
		{1F85CF20-C8D4-43A9-9D5B-5C678F7FFFF4}.Debug|Any CPU.ActiveCfg = Debug|Any CPU
		{1F85CF20-C8D4-43A9-9D5B-5C678F7FFFF4}.Debug|Any CPU.Build.0 = Debug|Any CPU
		{1F85CF20-C8D4-43A9-9D5B-5C678F7FFFF4}.Release|Any CPU.ActiveCfg = Release|Any CPU
		{1F85CF20-C8D4-43A9-9D5B-5C678F7FFFF4}.Release|Any CPU.Build.0 = Release|Any CPU
	EndGlobalSection
	GlobalSection(SolutionProperties) = preSolution
		HideSolutionNode = FALSE
	EndGlobalSection
	GlobalSection(ExtensibilityGlobals) = postSolution
		SolutionGuid = {ED497763-78D0-4A28-B6E7-55441111CF18}
	EndGlobalSection
EndGlobal
